
Microsoft Visual Studio Solution File, Format Version 12.00
# Visual Studio Version 17
VisualStudioVersion = 17.5.002.0
MinimumVisualStudioVersion = 10.0.40219.1
Project("{9A19103F-16F7-4668-BE54-9A1E7A4F7556}") = "281", "281\281.csproj", "{6849A08D-9534-48A7-95D4-7021E0FF4DEB}"
EndProject
Project("{9A19103F-16F7-4668-BE54-9A1E7A4F7556}") = "2192", "2192\2192.csproj", "{8609C34F-52EF-405F-A301-C1A4EEF92810}"
EndProject
Project("{9A19103F-16F7-4668-BE54-9A1E7A4F7556}") = "59", "59\59.csproj", "{77252D59-A059-41DF-AEC7-8AA165048133}"
EndProject
Project("{9A19103F-16F7-4668-BE54-9A1E7A4F7556}") = "2213", "2213\2213.csproj", "{11B5256C-4FA8-44D5-A513-8F9368F7C2D6}"
EndProject
Project("{9A19103F-16F7-4668-BE54-9A1E7A4F7556}") = "01", "01\01.csproj", "{27454AE7-B297-4065-BB17-205B40D173A3}"
EndProject
Project("{9A19103F-16F7-4668-BE54-9A1E7A4F7556}") = "2212", "2212\2212.csproj", "{4E1D14C7-68F0-4642-8939-CD9A06847EE7}"
EndProject
Project("{9A19103F-16F7-4668-BE54-9A1E7A4F7556}") = "261", "261\261.csproj", "{84ADC4E1-63A3-47B1-8D03-3B27F17A9959}"
EndProject
Project("{9A19103F-16F7-4668-BE54-9A1E7A4F7556}") = "51", "51\51.csproj", "{C994FDA0-3153-4A74-A478-30B37DDF6B32}"
EndProject
Project("{9A19103F-16F7-4668-BE54-9A1E7A4F7556}") = "2211_while", "2211_while\2211_while.csproj", "{04C91147-AFEA-40FA-95F7-048CC977CD02}"
EndProject
Project("{9A19103F-16F7-4668-BE54-9A1E7A4F7556}") = "58", "58\58.csproj", "{7A8606A0-88E8-43F3-BB2D-BFCDB2B7F8D9}"
EndProject
Project("{9A19103F-16F7-4668-BE54-9A1E7A4F7556}") = "56", "56\56.csproj", "{F8C30D96-C7A4-425C-B50D-2AF5257BA4C5}"
EndProject
Project("{9A19103F-16F7-4668-BE54-9A1E7A4F7556}") = "2193", "2193\2193.csproj", "{37161CB4-36D1-440C-879B-70B326FB3616}"
EndProject
Project("{9A19103F-16F7-4668-BE54-9A1E7A4F7556}") = "282", "282\282.csproj", "{6FE45030-AE53-4232-AC1A-5FE5F9E62AE3}"
EndProject
Project("{9A19103F-16F7-4668-BE54-9A1E7A4F7556}") = "2191", "2191\2191.csproj", "{0B4BD8EE-6915-4B50-A104-8DC028CC81D4}"
EndProject
Project("{9A19103F-16F7-4668-BE54-9A1E7A4F7556}") = "2510", "260\2510.csproj", "{8F5378F9-7FA0-424D-92D7-3DFDF0ED0162}"
EndProject
Project("{9A19103F-16F7-4668-BE54-9A1E7A4F7556}") = "2211_while_1", "2211_while_1\2211_while_1.csproj", "{8E10BA89-3D6A-46F8-A1A1-8D1E8EBED459}"
EndProject
Global
	GlobalSection(SolutionConfigurationPlatforms) = preSolution
		Debug|Any CPU = Debug|Any CPU
		Release|Any CPU = Release|Any CPU
	EndGlobalSection
	GlobalSection(ProjectConfigurationPlatforms) = postSolution
		{6849A08D-9534-48A7-95D4-7021E0FF4DEB}.Debug|Any CPU.ActiveCfg = Debug|Any CPU
		{6849A08D-9534-48A7-95D4-7021E0FF4DEB}.Debug|Any CPU.Build.0 = Debug|Any CPU
		{6849A08D-9534-48A7-95D4-7021E0FF4DEB}.Release|Any CPU.ActiveCfg = Release|Any CPU
		{6849A08D-9534-48A7-95D4-7021E0FF4DEB}.Release|Any CPU.Build.0 = Release|Any CPU
		{8609C34F-52EF-405F-A301-C1A4EEF92810}.Debug|Any CPU.ActiveCfg = Debug|Any CPU
		{8609C34F-52EF-405F-A301-C1A4EEF92810}.Debug|Any CPU.Build.0 = Debug|Any CPU
		{8609C34F-52EF-405F-A301-C1A4EEF92810}.Release|Any CPU.ActiveCfg = Release|Any CPU
		{8609C34F-52EF-405F-A301-C1A4EEF92810}.Release|Any CPU.Build.0 = Release|Any CPU
		{77252D59-A059-41DF-AEC7-8AA165048133}.Debug|Any CPU.ActiveCfg = Debug|Any CPU
		{77252D59-A059-41DF-AEC7-8AA165048133}.Debug|Any CPU.Build.0 = Debug|Any CPU
		{77252D59-A059-41DF-AEC7-8AA165048133}.Release|Any CPU.ActiveCfg = Release|Any CPU
		{77252D59-A059-41DF-AEC7-8AA165048133}.Release|Any CPU.Build.0 = Release|Any CPU
		{11B5256C-4FA8-44D5-A513-8F9368F7C2D6}.Debug|Any CPU.ActiveCfg = Debug|Any CPU
		{11B5256C-4FA8-44D5-A513-8F9368F7C2D6}.Debug|Any CPU.Build.0 = Debug|Any CPU
		{11B5256C-4FA8-44D5-A513-8F9368F7C2D6}.Release|Any CPU.ActiveCfg = Release|Any CPU
		{11B5256C-4FA8-44D5-A513-8F9368F7C2D6}.Release|Any CPU.Build.0 = Release|Any CPU
		{27454AE7-B297-4065-BB17-205B40D173A3}.Debug|Any CPU.ActiveCfg = Debug|Any CPU
		{27454AE7-B297-4065-BB17-205B40D173A3}.Debug|Any CPU.Build.0 = Debug|Any CPU
		{27454AE7-B297-4065-BB17-205B40D173A3}.Release|Any CPU.ActiveCfg = Release|Any CPU
		{27454AE7-B297-4065-BB17-205B40D173A3}.Release|Any CPU.Build.0 = Release|Any CPU
		{4E1D14C7-68F0-4642-8939-CD9A06847EE7}.Debug|Any CPU.ActiveCfg = Debug|Any CPU
		{4E1D14C7-68F0-4642-8939-CD9A06847EE7}.Debug|Any CPU.Build.0 = Debug|Any CPU
		{4E1D14C7-68F0-4642-8939-CD9A06847EE7}.Release|Any CPU.ActiveCfg = Release|Any CPU
		{4E1D14C7-68F0-4642-8939-CD9A06847EE7}.Release|Any CPU.Build.0 = Release|Any CPU
		{84ADC4E1-63A3-47B1-8D03-3B27F17A9959}.Debug|Any CPU.ActiveCfg = Debug|Any CPU
		{84ADC4E1-63A3-47B1-8D03-3B27F17A9959}.Debug|Any CPU.Build.0 = Debug|Any CPU
		{84ADC4E1-63A3-47B1-8D03-3B27F17A9959}.Release|Any CPU.ActiveCfg = Release|Any CPU
		{84ADC4E1-63A3-47B1-8D03-3B27F17A9959}.Release|Any CPU.Build.0 = Release|Any CPU
		{C994FDA0-3153-4A74-A478-30B37DDF6B32}.Debug|Any CPU.ActiveCfg = Debug|Any CPU
		{C994FDA0-3153-4A74-A478-30B37DDF6B32}.Debug|Any CPU.Build.0 = Debug|Any CPU
		{C994FDA0-3153-4A74-A478-30B37DDF6B32}.Release|Any CPU.ActiveCfg = Release|Any CPU
		{C994FDA0-3153-4A74-A478-30B37DDF6B32}.Release|Any CPU.Build.0 = Release|Any CPU
		{04C91147-AFEA-40FA-95F7-048CC977CD02}.Debug|Any CPU.ActiveCfg = Debug|Any CPU
		{04C91147-AFEA-40FA-95F7-048CC977CD02}.Debug|Any CPU.Build.0 = Debug|Any CPU
		{04C91147-AFEA-40FA-95F7-048CC977CD02}.Release|Any CPU.ActiveCfg = Release|Any CPU
		{04C91147-AFEA-40FA-95F7-048CC977CD02}.Release|Any CPU.Build.0 = Release|Any CPU
		{7A8606A0-88E8-43F3-BB2D-BFCDB2B7F8D9}.Debug|Any CPU.ActiveCfg = Debug|Any CPU
		{7A8606A0-88E8-43F3-BB2D-BFCDB2B7F8D9}.Debug|Any CPU.Build.0 = Debug|Any CPU
		{7A8606A0-88E8-43F3-BB2D-BFCDB2B7F8D9}.Release|Any CPU.ActiveCfg = Release|Any CPU
		{7A8606A0-88E8-43F3-BB2D-BFCDB2B7F8D9}.Release|Any CPU.Build.0 = Release|Any CPU
		{F8C30D96-C7A4-425C-B50D-2AF5257BA4C5}.Debug|Any CPU.ActiveCfg = Debug|Any CPU
		{F8C30D96-C7A4-425C-B50D-2AF5257BA4C5}.Debug|Any CPU.Build.0 = Debug|Any CPU
		{F8C30D96-C7A4-425C-B50D-2AF5257BA4C5}.Release|Any CPU.ActiveCfg = Release|Any CPU
		{F8C30D96-C7A4-425C-B50D-2AF5257BA4C5}.Release|Any CPU.Build.0 = Release|Any CPU
		{37161CB4-36D1-440C-879B-70B326FB3616}.Debug|Any CPU.ActiveCfg = Debug|Any CPU
		{37161CB4-36D1-440C-879B-70B326FB3616}.Debug|Any CPU.Build.0 = Debug|Any CPU
		{37161CB4-36D1-440C-879B-70B326FB3616}.Release|Any CPU.ActiveCfg = Release|Any CPU
		{37161CB4-36D1-440C-879B-70B326FB3616}.Release|Any CPU.Build.0 = Release|Any CPU
		{6FE45030-AE53-4232-AC1A-5FE5F9E62AE3}.Debug|Any CPU.ActiveCfg = Debug|Any CPU
		{6FE45030-AE53-4232-AC1A-5FE5F9E62AE3}.Debug|Any CPU.Build.0 = Debug|Any CPU
		{6FE45030-AE53-4232-AC1A-5FE5F9E62AE3}.Release|Any CPU.ActiveCfg = Release|Any CPU
		{6FE45030-AE53-4232-AC1A-5FE5F9E62AE3}.Release|Any CPU.Build.0 = Release|Any CPU
		{0B4BD8EE-6915-4B50-A104-8DC028CC81D4}.Debug|Any CPU.ActiveCfg = Debug|Any CPU
		{0B4BD8EE-6915-4B50-A104-8DC028CC81D4}.Debug|Any CPU.Build.0 = Debug|Any CPU
		{0B4BD8EE-6915-4B50-A104-8DC028CC81D4}.Release|Any CPU.ActiveCfg = Release|Any CPU
		{0B4BD8EE-6915-4B50-A104-8DC028CC81D4}.Release|Any CPU.Build.0 = Release|Any CPU
		{8F5378F9-7FA0-424D-92D7-3DFDF0ED0162}.Debug|Any CPU.ActiveCfg = Debug|Any CPU
		{8F5378F9-7FA0-424D-92D7-3DFDF0ED0162}.Debug|Any CPU.Build.0 = Debug|Any CPU
		{8F5378F9-7FA0-424D-92D7-3DFDF0ED0162}.Release|Any CPU.ActiveCfg = Release|Any CPU
		{8F5378F9-7FA0-424D-92D7-3DFDF0ED0162}.Release|Any CPU.Build.0 = Release|Any CPU
		{8E10BA89-3D6A-46F8-A1A1-8D1E8EBED459}.Debug|Any CPU.ActiveCfg = Debug|Any CPU
		{8E10BA89-3D6A-46F8-A1A1-8D1E8EBED459}.Debug|Any CPU.Build.0 = Debug|Any CPU
		{8E10BA89-3D6A-46F8-A1A1-8D1E8EBED459}.Release|Any CPU.ActiveCfg = Release|Any CPU
		{8E10BA89-3D6A-46F8-A1A1-8D1E8EBED459}.Release|Any CPU.Build.0 = Release|Any CPU
	EndGlobalSection
	GlobalSection(SolutionProperties) = preSolution
		HideSolutionNode = FALSE
	EndGlobalSection
	GlobalSection(ExtensibilityGlobals) = postSolution
		SolutionGuid = {A2A81266-AF22-4148-BA23-C47D9BC4664F}
	EndGlobalSection
EndGlobal
