
Microsoft Visual Studio Solution File, Format Version 12.00
# Visual Studio Version 17
VisualStudioVersion = 17.5.002.0
MinimumVisualStudioVersion = 10.0.40219.1
Project("{9A19103F-16F7-4668-BE54-9A1E7A4F7556}") = "281", "281\281.csproj", "{A3C1B8DE-5D8E-4189-9EED-203336E8246F}"
EndProject
Project("{9A19103F-16F7-4668-BE54-9A1E7A4F7556}") = "2192", "2192\2192.csproj", "{298AFF3E-FEA9-4E99-99CA-9B461D0B35DE}"
EndProject
Project("{9A19103F-16F7-4668-BE54-9A1E7A4F7556}") = "59", "59\59.csproj", "{0D8B4131-3D94-4E75-961C-B1E2ED66FB93}"
EndProject
Project("{9A19103F-16F7-4668-BE54-9A1E7A4F7556}") = "01", "01\01.csproj", "{BE7C627D-0C88-4438-AD17-66843457CA44}"
EndProject
Project("{9A19103F-16F7-4668-BE54-9A1E7A4F7556}") = "261", "261\261.csproj", "{A940349A-04F0-4BDD-A92A-F7B3430B6350}"
EndProject
Project("{9A19103F-16F7-4668-BE54-9A1E7A4F7556}") = "51", "51\51.csproj", "{7313114A-A0B2-47EB-B1FE-84CE7D4E9A18}"
EndProject
Project("{9A19103F-16F7-4668-BE54-9A1E7A4F7556}") = "58", "58\58.csproj", "{8967921C-D350-423A-A2A3-0659C98DF523}"
EndProject
Project("{9A19103F-16F7-4668-BE54-9A1E7A4F7556}") = "56", "56\56.csproj", "{9D1D3BAA-0B27-4AC7-958A-686CD3B3FAC9}"
EndProject
Project("{9A19103F-16F7-4668-BE54-9A1E7A4F7556}") = "2193", "2193\2193.csproj", "{FEE20E01-8D9D-4F2B-8032-93E07D28FFA0}"
EndProject
Project("{9A19103F-16F7-4668-BE54-9A1E7A4F7556}") = "282", "282\282.csproj", "{37348EC6-3D9C-46A9-A5B3-A32D3ED2ED0B}"
EndProject
Project("{9A19103F-16F7-4668-BE54-9A1E7A4F7556}") = "2191", "2191\2191.csproj", "{D4ECEFA4-0723-4391-AA79-DE31760F56C7}"
EndProject
Project("{9A19103F-16F7-4668-BE54-9A1E7A4F7556}") = "2211", "2211\2211.csproj", "{401A537B-DC90-494E-B8DE-77B060789FC3}"
EndProject
Project("{9A19103F-16F7-4668-BE54-9A1E7A4F7556}") = "2510", "260\2510.csproj", "{1CCDDB5D-44A3-43E2-86D4-C131EEBFED41}"
EndProject
Global
	GlobalSection(SolutionConfigurationPlatforms) = preSolution
		Debug|Any CPU = Debug|Any CPU
		Release|Any CPU = Release|Any CPU
	EndGlobalSection
	GlobalSection(ProjectConfigurationPlatforms) = postSolution
		{A3C1B8DE-5D8E-4189-9EED-203336E8246F}.Debug|Any CPU.ActiveCfg = Debug|Any CPU
		{A3C1B8DE-5D8E-4189-9EED-203336E8246F}.Debug|Any CPU.Build.0 = Debug|Any CPU
		{A3C1B8DE-5D8E-4189-9EED-203336E8246F}.Release|Any CPU.ActiveCfg = Release|Any CPU
		{A3C1B8DE-5D8E-4189-9EED-203336E8246F}.Release|Any CPU.Build.0 = Release|Any CPU
		{298AFF3E-FEA9-4E99-99CA-9B461D0B35DE}.Debug|Any CPU.ActiveCfg = Debug|Any CPU
		{298AFF3E-FEA9-4E99-99CA-9B461D0B35DE}.Debug|Any CPU.Build.0 = Debug|Any CPU
		{298AFF3E-FEA9-4E99-99CA-9B461D0B35DE}.Release|Any CPU.ActiveCfg = Release|Any CPU
		{298AFF3E-FEA9-4E99-99CA-9B461D0B35DE}.Release|Any CPU.Build.0 = Release|Any CPU
		{0D8B4131-3D94-4E75-961C-B1E2ED66FB93}.Debug|Any CPU.ActiveCfg = Debug|Any CPU
		{0D8B4131-3D94-4E75-961C-B1E2ED66FB93}.Debug|Any CPU.Build.0 = Debug|Any CPU
		{0D8B4131-3D94-4E75-961C-B1E2ED66FB93}.Release|Any CPU.ActiveCfg = Release|Any CPU
		{0D8B4131-3D94-4E75-961C-B1E2ED66FB93}.Release|Any CPU.Build.0 = Release|Any CPU
		{BE7C627D-0C88-4438-AD17-66843457CA44}.Debug|Any CPU.ActiveCfg = Debug|Any CPU
		{BE7C627D-0C88-4438-AD17-66843457CA44}.Debug|Any CPU.Build.0 = Debug|Any CPU
		{BE7C627D-0C88-4438-AD17-66843457CA44}.Release|Any CPU.ActiveCfg = Release|Any CPU
		{BE7C627D-0C88-4438-AD17-66843457CA44}.Release|Any CPU.Build.0 = Release|Any CPU
		{A940349A-04F0-4BDD-A92A-F7B3430B6350}.Debug|Any CPU.ActiveCfg = Debug|Any CPU
		{A940349A-04F0-4BDD-A92A-F7B3430B6350}.Debug|Any CPU.Build.0 = Debug|Any CPU
		{A940349A-04F0-4BDD-A92A-F7B3430B6350}.Release|Any CPU.ActiveCfg = Release|Any CPU
		{A940349A-04F0-4BDD-A92A-F7B3430B6350}.Release|Any CPU.Build.0 = Release|Any CPU
		{7313114A-A0B2-47EB-B1FE-84CE7D4E9A18}.Debug|Any CPU.ActiveCfg = Debug|Any CPU
		{7313114A-A0B2-47EB-B1FE-84CE7D4E9A18}.Debug|Any CPU.Build.0 = Debug|Any CPU
		{7313114A-A0B2-47EB-B1FE-84CE7D4E9A18}.Release|Any CPU.ActiveCfg = Release|Any CPU
		{7313114A-A0B2-47EB-B1FE-84CE7D4E9A18}.Release|Any CPU.Build.0 = Release|Any CPU
		{8967921C-D350-423A-A2A3-0659C98DF523}.Debug|Any CPU.ActiveCfg = Debug|Any CPU
		{8967921C-D350-423A-A2A3-0659C98DF523}.Debug|Any CPU.Build.0 = Debug|Any CPU
		{8967921C-D350-423A-A2A3-0659C98DF523}.Release|Any CPU.ActiveCfg = Release|Any CPU
		{8967921C-D350-423A-A2A3-0659C98DF523}.Release|Any CPU.Build.0 = Release|Any CPU
		{9D1D3BAA-0B27-4AC7-958A-686CD3B3FAC9}.Debug|Any CPU.ActiveCfg = Debug|Any CPU
		{9D1D3BAA-0B27-4AC7-958A-686CD3B3FAC9}.Debug|Any CPU.Build.0 = Debug|Any CPU
		{9D1D3BAA-0B27-4AC7-958A-686CD3B3FAC9}.Release|Any CPU.ActiveCfg = Release|Any CPU
		{9D1D3BAA-0B27-4AC7-958A-686CD3B3FAC9}.Release|Any CPU.Build.0 = Release|Any CPU
		{FEE20E01-8D9D-4F2B-8032-93E07D28FFA0}.Debug|Any CPU.ActiveCfg = Debug|Any CPU
		{FEE20E01-8D9D-4F2B-8032-93E07D28FFA0}.Debug|Any CPU.Build.0 = Debug|Any CPU
		{FEE20E01-8D9D-4F2B-8032-93E07D28FFA0}.Release|Any CPU.ActiveCfg = Release|Any CPU
		{FEE20E01-8D9D-4F2B-8032-93E07D28FFA0}.Release|Any CPU.Build.0 = Release|Any CPU
		{37348EC6-3D9C-46A9-A5B3-A32D3ED2ED0B}.Debug|Any CPU.ActiveCfg = Debug|Any CPU
		{37348EC6-3D9C-46A9-A5B3-A32D3ED2ED0B}.Debug|Any CPU.Build.0 = Debug|Any CPU
		{37348EC6-3D9C-46A9-A5B3-A32D3ED2ED0B}.Release|Any CPU.ActiveCfg = Release|Any CPU
		{37348EC6-3D9C-46A9-A5B3-A32D3ED2ED0B}.Release|Any CPU.Build.0 = Release|Any CPU
		{D4ECEFA4-0723-4391-AA79-DE31760F56C7}.Debug|Any CPU.ActiveCfg = Debug|Any CPU
		{D4ECEFA4-0723-4391-AA79-DE31760F56C7}.Debug|Any CPU.Build.0 = Debug|Any CPU
		{D4ECEFA4-0723-4391-AA79-DE31760F56C7}.Release|Any CPU.ActiveCfg = Release|Any CPU
		{D4ECEFA4-0723-4391-AA79-DE31760F56C7}.Release|Any CPU.Build.0 = Release|Any CPU
		{401A537B-DC90-494E-B8DE-77B060789FC3}.Debug|Any CPU.ActiveCfg = Debug|Any CPU
		{401A537B-DC90-494E-B8DE-77B060789FC3}.Debug|Any CPU.Build.0 = Debug|Any CPU
		{401A537B-DC90-494E-B8DE-77B060789FC3}.Release|Any CPU.ActiveCfg = Release|Any CPU
		{401A537B-DC90-494E-B8DE-77B060789FC3}.Release|Any CPU.Build.0 = Release|Any CPU
		{1CCDDB5D-44A3-43E2-86D4-C131EEBFED41}.Debug|Any CPU.ActiveCfg = Debug|Any CPU
		{1CCDDB5D-44A3-43E2-86D4-C131EEBFED41}.Debug|Any CPU.Build.0 = Debug|Any CPU
		{1CCDDB5D-44A3-43E2-86D4-C131EEBFED41}.Release|Any CPU.ActiveCfg = Release|Any CPU
		{1CCDDB5D-44A3-43E2-86D4-C131EEBFED41}.Release|Any CPU.Build.0 = Release|Any CPU
	EndGlobalSection
	GlobalSection(SolutionProperties) = preSolution
		HideSolutionNode = FALSE
	EndGlobalSection
	GlobalSection(ExtensibilityGlobals) = postSolution
		SolutionGuid = {B00F3263-23CE-4A51-8F24-11FDB8464874}
	EndGlobalSection
EndGlobal
