
Microsoft Visual Studio Solution File, Format Version 12.00
# Visual Studio Version 17
VisualStudioVersion = 17.5.002.0
MinimumVisualStudioVersion = 10.0.40219.1
Project("{9A19103F-16F7-4668-BE54-9A1E7A4F7556}") = "281", "281\281.csproj", "{B2649E2C-2590-43F0-9D53-AD91E556669E}"
EndProject
Project("{9A19103F-16F7-4668-BE54-9A1E7A4F7556}") = "3101", "3101\3101.csproj", "{ED26D41B-D07D-471E-B538-810FAFB2F036}"
EndProject
Project("{9A19103F-16F7-4668-BE54-9A1E7A4F7556}") = "struct_anidados", "struct_anidados\struct_anidados.csproj", "{DFE16D02-4B0E-4789-940D-192F15B2F0C9}"
EndProject
Project("{9A19103F-16F7-4668-BE54-9A1E7A4F7556}") = "Ejemplo_04_04_03a", "Ejemplo_04_04_03a\Ejemplo_04_04_03a.csproj", "{EC36A2A6-7AA4-4707-8A4D-C67C91F5B15B}"
EndProject
Project("{9A19103F-16F7-4668-BE54-9A1E7A4F7556}") = "2192", "2192\2192.csproj", "{9E2CCA7E-EDEF-4779-922D-C03FB37ADA77}"
EndProject
Project("{9A19103F-16F7-4668-BE54-9A1E7A4F7556}") = "trabajoConArrays2", "trabajoConArrays2\trabajoConArrays2.csproj", "{C268CFC7-DAD7-4808-8310-90E5D154E019}"
EndProject
Project("{9A19103F-16F7-4668-BE54-9A1E7A4F7556}") = "447_Descomponer_una_cadena_en_fragmentos", "447_Descomponer_una_cadena_en_fragmentos\447_Descomponer_una_cadena_en_fragmentos.csproj", "{D0F26FB8-0BC7-45A1-BD65-9CFB8EE47933}"
EndProject
Project("{9A19103F-16F7-4668-BE54-9A1E7A4F7556}") = "59", "59\59.csproj", "{4B34FD5A-F4E1-487E-BBFE-42C787D71578}"
EndProject
Project("{9A19103F-16F7-4668-BE54-9A1E7A4F7556}") = "struct", "struct\struct.csproj", "{AA435C41-0E3D-4A38-B5D3-61A494D8E939}"
EndProject
Project("{9A19103F-16F7-4668-BE54-9A1E7A4F7556}") = "2213", "2213\2213.csproj", "{17C02F83-0A62-40E5-8BC0-9BF7C20D2A93}"
EndProject
Project("{9A19103F-16F7-4668-BE54-9A1E7A4F7556}") = "4410_cadenas_repetitivas", "449.10_cadenas_repetitivas\4410_cadenas_repetitivas.csproj", "{0D66F1AD-2D5E-438A-B330-E6F9DE65284E}"
EndProject
Project("{9A19103F-16F7-4668-BE54-9A1E7A4F7556}") = "01", "01\01.csproj", "{0F6643E7-2630-4C44-A0DA-34FE9D5CEC59}"
EndProject
Project("{9A19103F-16F7-4668-BE54-9A1E7A4F7556}") = "incremento_decremento", "incremento_decremento\incremento_decremento.csproj", "{E6F7A7D5-843D-4EFA-A14B-D5360DFBF9F3}"
EndProject
Project("{9A19103F-16F7-4668-BE54-9A1E7A4F7556}") = "unicode", "unicode\unicode.csproj", "{A90F1CE3-F4C0-4F40-9708-3DFBCF58D79C}"
EndProject
Project("{9A19103F-16F7-4668-BE54-9A1E7A4F7556}") = "2212", "2212\2212.csproj", "{4A4B0233-E0FB-40DF-AF83-D6E2FF515CDB}"
EndProject
Project("{9A19103F-16F7-4668-BE54-9A1E7A4F7556}") = "450_recorriendo_arrays_y_cadenas_con_foreach", "450_recorriendo_arrays_y_cadenas_con_foreach\450_recorriendo_arrays_y_cadenas_con_foreach.csproj", "{09AB3CF4-4F7A-4F24-8A38-61322E27A598}"
EndProject
Project("{9A19103F-16F7-4668-BE54-9A1E7A4F7556}") = "261", "261\261.csproj", "{EA8C6D82-0958-4D03-A85D-63D6B5460500}"
EndProject
Project("{9A19103F-16F7-4668-BE54-9A1E7A4F7556}") = "449_una_cadena_modificable_StringBuilder", "449_una_cadena_modificable_StringBuilder\449_una_cadena_modificable_StringBuilder.csproj", "{FACDA683-845B-496C-BF31-A3F8C0EF7A41}"
EndProject
Project("{9A19103F-16F7-4668-BE54-9A1E7A4F7556}") = "arrayBidimencionales", "arrayBidimencionales\arrayBidimencionales.csproj", "{2DEE5345-6730-41BC-86D4-CB219F8CD55D}"
EndProject
Project("{9A19103F-16F7-4668-BE54-9A1E7A4F7556}") = "460_ejemplo_completo_fichero", "460_ejemplo_completo_fichero\460_ejemplo_completo_fichero.csproj", "{BCD09843-E250-48A4-9C46-F34AA3010C89}"
EndProject
Project("{9A19103F-16F7-4668-BE54-9A1E7A4F7556}") = "ENt4", "ENt4\ENt4.csproj", "{811F3ED7-6A45-4CE6-A0C9-7E58D1EB2C30}"
EndProject
Project("{9A19103F-16F7-4668-BE54-9A1E7A4F7556}") = "51", "51\51.csproj", "{5DFD99EE-B7F7-4D67-B30C-0BE5806E780E}"
EndProject
Project("{9A19103F-16F7-4668-BE54-9A1E7A4F7556}") = "2211_while", "2211_while\2211_while.csproj", "{12CA89D2-337D-40B9-B7AC-485F6662C01E}"
EndProject
Project("{9A19103F-16F7-4668-BE54-9A1E7A4F7556}") = "58", "58\58.csproj", "{7121653B-3C86-4CFB-AFBC-0F85EB0C24B2}"
EndProject
Project("{9A19103F-16F7-4668-BE54-9A1E7A4F7556}") = "trabajoConArrays", "trabajoConArrays\trabajoConArrays.csproj", "{F8A831ED-8EFE-4A64-B7E6-28843836E11D}"
EndProject
Project("{9A19103F-16F7-4668-BE54-9A1E7A4F7556}") = "56", "56\56.csproj", "{46F9B578-EAAF-4E29-91EF-AC8AF8D3EEB8}"
EndProject
Project("{9A19103F-16F7-4668-BE54-9A1E7A4F7556}") = "prueba", "prueba\prueba.csproj", "{0DD13A1F-B30E-4A6B-AEFA-19CA3DFBD235}"
EndProject
Project("{9A19103F-16F7-4668-BE54-9A1E7A4F7556}") = "3121", "3121\3121.csproj", "{2125811F-B5CE-4626-BA8F-E99764B44903}"
EndProject
Project("{9A19103F-16F7-4668-BE54-9A1E7A4F7556}") = "3123", "3123\3123.csproj", "{501875D2-AFE2-49AD-8B87-3B9C4FA83448}"
EndProject
Project("{9A19103F-16F7-4668-BE54-9A1E7A4F7556}") = "2193", "2193\2193.csproj", "{7A287386-4731-4D56-8A95-CA950E79350B}"
EndProject
Project("{9A19103F-16F7-4668-BE54-9A1E7A4F7556}") = "3122", "3122\3122.csproj", "{5D7AA3B1-7581-4E81-BD49-88C63899013F}"
EndProject
Project("{9A19103F-16F7-4668-BE54-9A1E7A4F7556}") = "282", "282\282.csproj", "{9E6B6D9A-FDDA-4749-904F-F779617619F5}"
EndProject
Project("{9A19103F-16F7-4668-BE54-9A1E7A4F7556}") = "448_Comparación_de_cadenas", "448_Comparación_de_cadenas\448_Comparación_de_cadenas.csproj", "{6EB3417F-3C60-494B-B2AE-619AC11951A2}"
EndProject
Project("{9A19103F-16F7-4668-BE54-9A1E7A4F7556}") = "446_otras_manipulaciones_de_cadenas", "446_otras_manipulaciones_de_cadenas\446_otras_manipulaciones_de_cadenas.csproj", "{39FD5942-428D-4D1E-8894-692FDC66735C}"
EndProject
Project("{9A19103F-16F7-4668-BE54-9A1E7A4F7556}") = "2191", "2191\2191.csproj", "{0ABB3B81-A27A-4729-9F3A-084DC8B73ABD}"
EndProject
Project("{9A19103F-16F7-4668-BE54-9A1E7A4F7556}") = "Ejemplo_04_04_05a", "Ejemplo_04_04_05a\Ejemplo_04_04_05a.csproj", "{58BBC69B-AA75-4B41-807C-5A366A552E5B}"
EndProject
Project("{9A19103F-16F7-4668-BE54-9A1E7A4F7556}") = "3111", "3111\3111.csproj", "{7DF00DAA-CB73-4FAE-AFD0-F676A33402CE}"
EndProject
Project("{9A19103F-16F7-4668-BE54-9A1E7A4F7556}") = "Ejemplo_04_04_06a", "Ejemplo_04_04_06a\Ejemplo_04_04_06a.csproj", "{B098FE13-1728-40AF-92E8-152281CA99B4}"
EndProject
Project("{9A19103F-16F7-4668-BE54-9A1E7A4F7556}") = "Ejemplo_04_04_04a", "subString_Ejemplo_04_04_04a\Ejemplo_04_04_04a.csproj", "{4507164D-6568-4487-8AF2-14287688D57E}"
EndProject
Project("{9A19103F-16F7-4668-BE54-9A1E7A4F7556}") = "2510", "260\2510.csproj", "{D4CEB35E-12E0-4611-923D-65422F344CFB}"
EndProject
Project("{9A19103F-16F7-4668-BE54-9A1E7A4F7556}") = "2211_while_1", "2211_while_1\2211_while_1.csproj", "{9AA209A6-C0E7-4913-8A87-62783590CAF9}"
EndProject
Project("{9A19103F-16F7-4668-BE54-9A1E7A4F7556}") = "datosChar", "datosChar\datosChar.csproj", "{AEFF0602-764D-4F49-8C47-2D543BE10FE3}"
EndProject
Global
	GlobalSection(SolutionConfigurationPlatforms) = preSolution
		Debug|Any CPU = Debug|Any CPU
		Release|Any CPU = Release|Any CPU
	EndGlobalSection
	GlobalSection(ProjectConfigurationPlatforms) = postSolution
		{B2649E2C-2590-43F0-9D53-AD91E556669E}.Debug|Any CPU.ActiveCfg = Debug|Any CPU
		{B2649E2C-2590-43F0-9D53-AD91E556669E}.Debug|Any CPU.Build.0 = Debug|Any CPU
		{B2649E2C-2590-43F0-9D53-AD91E556669E}.Release|Any CPU.ActiveCfg = Release|Any CPU
		{B2649E2C-2590-43F0-9D53-AD91E556669E}.Release|Any CPU.Build.0 = Release|Any CPU
		{ED26D41B-D07D-471E-B538-810FAFB2F036}.Debug|Any CPU.ActiveCfg = Debug|Any CPU
		{ED26D41B-D07D-471E-B538-810FAFB2F036}.Debug|Any CPU.Build.0 = Debug|Any CPU
		{ED26D41B-D07D-471E-B538-810FAFB2F036}.Release|Any CPU.ActiveCfg = Release|Any CPU
		{ED26D41B-D07D-471E-B538-810FAFB2F036}.Release|Any CPU.Build.0 = Release|Any CPU
		{DFE16D02-4B0E-4789-940D-192F15B2F0C9}.Debug|Any CPU.ActiveCfg = Debug|Any CPU
		{DFE16D02-4B0E-4789-940D-192F15B2F0C9}.Debug|Any CPU.Build.0 = Debug|Any CPU
		{DFE16D02-4B0E-4789-940D-192F15B2F0C9}.Release|Any CPU.ActiveCfg = Release|Any CPU
		{DFE16D02-4B0E-4789-940D-192F15B2F0C9}.Release|Any CPU.Build.0 = Release|Any CPU
		{EC36A2A6-7AA4-4707-8A4D-C67C91F5B15B}.Debug|Any CPU.ActiveCfg = Debug|Any CPU
		{EC36A2A6-7AA4-4707-8A4D-C67C91F5B15B}.Debug|Any CPU.Build.0 = Debug|Any CPU
		{EC36A2A6-7AA4-4707-8A4D-C67C91F5B15B}.Release|Any CPU.ActiveCfg = Release|Any CPU
		{EC36A2A6-7AA4-4707-8A4D-C67C91F5B15B}.Release|Any CPU.Build.0 = Release|Any CPU
		{9E2CCA7E-EDEF-4779-922D-C03FB37ADA77}.Debug|Any CPU.ActiveCfg = Debug|Any CPU
		{9E2CCA7E-EDEF-4779-922D-C03FB37ADA77}.Debug|Any CPU.Build.0 = Debug|Any CPU
		{9E2CCA7E-EDEF-4779-922D-C03FB37ADA77}.Release|Any CPU.ActiveCfg = Release|Any CPU
		{9E2CCA7E-EDEF-4779-922D-C03FB37ADA77}.Release|Any CPU.Build.0 = Release|Any CPU
		{C268CFC7-DAD7-4808-8310-90E5D154E019}.Debug|Any CPU.ActiveCfg = Debug|Any CPU
		{C268CFC7-DAD7-4808-8310-90E5D154E019}.Debug|Any CPU.Build.0 = Debug|Any CPU
		{C268CFC7-DAD7-4808-8310-90E5D154E019}.Release|Any CPU.ActiveCfg = Release|Any CPU
		{C268CFC7-DAD7-4808-8310-90E5D154E019}.Release|Any CPU.Build.0 = Release|Any CPU
		{D0F26FB8-0BC7-45A1-BD65-9CFB8EE47933}.Debug|Any CPU.ActiveCfg = Debug|Any CPU
		{D0F26FB8-0BC7-45A1-BD65-9CFB8EE47933}.Debug|Any CPU.Build.0 = Debug|Any CPU
		{D0F26FB8-0BC7-45A1-BD65-9CFB8EE47933}.Release|Any CPU.ActiveCfg = Release|Any CPU
		{D0F26FB8-0BC7-45A1-BD65-9CFB8EE47933}.Release|Any CPU.Build.0 = Release|Any CPU
		{4B34FD5A-F4E1-487E-BBFE-42C787D71578}.Debug|Any CPU.ActiveCfg = Debug|Any CPU
		{4B34FD5A-F4E1-487E-BBFE-42C787D71578}.Debug|Any CPU.Build.0 = Debug|Any CPU
		{4B34FD5A-F4E1-487E-BBFE-42C787D71578}.Release|Any CPU.ActiveCfg = Release|Any CPU
		{4B34FD5A-F4E1-487E-BBFE-42C787D71578}.Release|Any CPU.Build.0 = Release|Any CPU
		{AA435C41-0E3D-4A38-B5D3-61A494D8E939}.Debug|Any CPU.ActiveCfg = Debug|Any CPU
		{AA435C41-0E3D-4A38-B5D3-61A494D8E939}.Debug|Any CPU.Build.0 = Debug|Any CPU
		{AA435C41-0E3D-4A38-B5D3-61A494D8E939}.Release|Any CPU.ActiveCfg = Release|Any CPU
		{AA435C41-0E3D-4A38-B5D3-61A494D8E939}.Release|Any CPU.Build.0 = Release|Any CPU
		{17C02F83-0A62-40E5-8BC0-9BF7C20D2A93}.Debug|Any CPU.ActiveCfg = Debug|Any CPU
		{17C02F83-0A62-40E5-8BC0-9BF7C20D2A93}.Debug|Any CPU.Build.0 = Debug|Any CPU
		{17C02F83-0A62-40E5-8BC0-9BF7C20D2A93}.Release|Any CPU.ActiveCfg = Release|Any CPU
		{17C02F83-0A62-40E5-8BC0-9BF7C20D2A93}.Release|Any CPU.Build.0 = Release|Any CPU
		{0D66F1AD-2D5E-438A-B330-E6F9DE65284E}.Debug|Any CPU.ActiveCfg = Debug|Any CPU
		{0D66F1AD-2D5E-438A-B330-E6F9DE65284E}.Debug|Any CPU.Build.0 = Debug|Any CPU
		{0D66F1AD-2D5E-438A-B330-E6F9DE65284E}.Release|Any CPU.ActiveCfg = Release|Any CPU
		{0D66F1AD-2D5E-438A-B330-E6F9DE65284E}.Release|Any CPU.Build.0 = Release|Any CPU
		{0F6643E7-2630-4C44-A0DA-34FE9D5CEC59}.Debug|Any CPU.ActiveCfg = Debug|Any CPU
		{0F6643E7-2630-4C44-A0DA-34FE9D5CEC59}.Debug|Any CPU.Build.0 = Debug|Any CPU
		{0F6643E7-2630-4C44-A0DA-34FE9D5CEC59}.Release|Any CPU.ActiveCfg = Release|Any CPU
		{0F6643E7-2630-4C44-A0DA-34FE9D5CEC59}.Release|Any CPU.Build.0 = Release|Any CPU
		{E6F7A7D5-843D-4EFA-A14B-D5360DFBF9F3}.Debug|Any CPU.ActiveCfg = Debug|Any CPU
		{E6F7A7D5-843D-4EFA-A14B-D5360DFBF9F3}.Debug|Any CPU.Build.0 = Debug|Any CPU
		{E6F7A7D5-843D-4EFA-A14B-D5360DFBF9F3}.Release|Any CPU.ActiveCfg = Release|Any CPU
		{E6F7A7D5-843D-4EFA-A14B-D5360DFBF9F3}.Release|Any CPU.Build.0 = Release|Any CPU
		{A90F1CE3-F4C0-4F40-9708-3DFBCF58D79C}.Debug|Any CPU.ActiveCfg = Debug|Any CPU
		{A90F1CE3-F4C0-4F40-9708-3DFBCF58D79C}.Debug|Any CPU.Build.0 = Debug|Any CPU
		{A90F1CE3-F4C0-4F40-9708-3DFBCF58D79C}.Release|Any CPU.ActiveCfg = Release|Any CPU
		{A90F1CE3-F4C0-4F40-9708-3DFBCF58D79C}.Release|Any CPU.Build.0 = Release|Any CPU
		{4A4B0233-E0FB-40DF-AF83-D6E2FF515CDB}.Debug|Any CPU.ActiveCfg = Debug|Any CPU
		{4A4B0233-E0FB-40DF-AF83-D6E2FF515CDB}.Debug|Any CPU.Build.0 = Debug|Any CPU
		{4A4B0233-E0FB-40DF-AF83-D6E2FF515CDB}.Release|Any CPU.ActiveCfg = Release|Any CPU
		{4A4B0233-E0FB-40DF-AF83-D6E2FF515CDB}.Release|Any CPU.Build.0 = Release|Any CPU
		{09AB3CF4-4F7A-4F24-8A38-61322E27A598}.Debug|Any CPU.ActiveCfg = Debug|Any CPU
		{09AB3CF4-4F7A-4F24-8A38-61322E27A598}.Debug|Any CPU.Build.0 = Debug|Any CPU
		{09AB3CF4-4F7A-4F24-8A38-61322E27A598}.Release|Any CPU.ActiveCfg = Release|Any CPU
		{09AB3CF4-4F7A-4F24-8A38-61322E27A598}.Release|Any CPU.Build.0 = Release|Any CPU
		{EA8C6D82-0958-4D03-A85D-63D6B5460500}.Debug|Any CPU.ActiveCfg = Debug|Any CPU
		{EA8C6D82-0958-4D03-A85D-63D6B5460500}.Debug|Any CPU.Build.0 = Debug|Any CPU
		{EA8C6D82-0958-4D03-A85D-63D6B5460500}.Release|Any CPU.ActiveCfg = Release|Any CPU
		{EA8C6D82-0958-4D03-A85D-63D6B5460500}.Release|Any CPU.Build.0 = Release|Any CPU
		{FACDA683-845B-496C-BF31-A3F8C0EF7A41}.Debug|Any CPU.ActiveCfg = Debug|Any CPU
		{FACDA683-845B-496C-BF31-A3F8C0EF7A41}.Debug|Any CPU.Build.0 = Debug|Any CPU
		{FACDA683-845B-496C-BF31-A3F8C0EF7A41}.Release|Any CPU.ActiveCfg = Release|Any CPU
		{FACDA683-845B-496C-BF31-A3F8C0EF7A41}.Release|Any CPU.Build.0 = Release|Any CPU
		{2DEE5345-6730-41BC-86D4-CB219F8CD55D}.Debug|Any CPU.ActiveCfg = Debug|Any CPU
		{2DEE5345-6730-41BC-86D4-CB219F8CD55D}.Debug|Any CPU.Build.0 = Debug|Any CPU
		{2DEE5345-6730-41BC-86D4-CB219F8CD55D}.Release|Any CPU.ActiveCfg = Release|Any CPU
		{2DEE5345-6730-41BC-86D4-CB219F8CD55D}.Release|Any CPU.Build.0 = Release|Any CPU
		{BCD09843-E250-48A4-9C46-F34AA3010C89}.Debug|Any CPU.ActiveCfg = Debug|Any CPU
		{BCD09843-E250-48A4-9C46-F34AA3010C89}.Debug|Any CPU.Build.0 = Debug|Any CPU
		{BCD09843-E250-48A4-9C46-F34AA3010C89}.Release|Any CPU.ActiveCfg = Release|Any CPU
		{BCD09843-E250-48A4-9C46-F34AA3010C89}.Release|Any CPU.Build.0 = Release|Any CPU
		{811F3ED7-6A45-4CE6-A0C9-7E58D1EB2C30}.Debug|Any CPU.ActiveCfg = Debug|Any CPU
		{811F3ED7-6A45-4CE6-A0C9-7E58D1EB2C30}.Debug|Any CPU.Build.0 = Debug|Any CPU
		{811F3ED7-6A45-4CE6-A0C9-7E58D1EB2C30}.Release|Any CPU.ActiveCfg = Release|Any CPU
		{811F3ED7-6A45-4CE6-A0C9-7E58D1EB2C30}.Release|Any CPU.Build.0 = Release|Any CPU
		{5DFD99EE-B7F7-4D67-B30C-0BE5806E780E}.Debug|Any CPU.ActiveCfg = Debug|Any CPU
		{5DFD99EE-B7F7-4D67-B30C-0BE5806E780E}.Debug|Any CPU.Build.0 = Debug|Any CPU
		{5DFD99EE-B7F7-4D67-B30C-0BE5806E780E}.Release|Any CPU.ActiveCfg = Release|Any CPU
		{5DFD99EE-B7F7-4D67-B30C-0BE5806E780E}.Release|Any CPU.Build.0 = Release|Any CPU
		{12CA89D2-337D-40B9-B7AC-485F6662C01E}.Debug|Any CPU.ActiveCfg = Debug|Any CPU
		{12CA89D2-337D-40B9-B7AC-485F6662C01E}.Debug|Any CPU.Build.0 = Debug|Any CPU
		{12CA89D2-337D-40B9-B7AC-485F6662C01E}.Release|Any CPU.ActiveCfg = Release|Any CPU
		{12CA89D2-337D-40B9-B7AC-485F6662C01E}.Release|Any CPU.Build.0 = Release|Any CPU
		{7121653B-3C86-4CFB-AFBC-0F85EB0C24B2}.Debug|Any CPU.ActiveCfg = Debug|Any CPU
		{7121653B-3C86-4CFB-AFBC-0F85EB0C24B2}.Debug|Any CPU.Build.0 = Debug|Any CPU
		{7121653B-3C86-4CFB-AFBC-0F85EB0C24B2}.Release|Any CPU.ActiveCfg = Release|Any CPU
		{7121653B-3C86-4CFB-AFBC-0F85EB0C24B2}.Release|Any CPU.Build.0 = Release|Any CPU
		{F8A831ED-8EFE-4A64-B7E6-28843836E11D}.Debug|Any CPU.ActiveCfg = Debug|Any CPU
		{F8A831ED-8EFE-4A64-B7E6-28843836E11D}.Debug|Any CPU.Build.0 = Debug|Any CPU
		{F8A831ED-8EFE-4A64-B7E6-28843836E11D}.Release|Any CPU.ActiveCfg = Release|Any CPU
		{F8A831ED-8EFE-4A64-B7E6-28843836E11D}.Release|Any CPU.Build.0 = Release|Any CPU
		{46F9B578-EAAF-4E29-91EF-AC8AF8D3EEB8}.Debug|Any CPU.ActiveCfg = Debug|Any CPU
		{46F9B578-EAAF-4E29-91EF-AC8AF8D3EEB8}.Debug|Any CPU.Build.0 = Debug|Any CPU
		{46F9B578-EAAF-4E29-91EF-AC8AF8D3EEB8}.Release|Any CPU.ActiveCfg = Release|Any CPU
		{46F9B578-EAAF-4E29-91EF-AC8AF8D3EEB8}.Release|Any CPU.Build.0 = Release|Any CPU
		{0DD13A1F-B30E-4A6B-AEFA-19CA3DFBD235}.Debug|Any CPU.ActiveCfg = Debug|Any CPU
		{0DD13A1F-B30E-4A6B-AEFA-19CA3DFBD235}.Debug|Any CPU.Build.0 = Debug|Any CPU
		{0DD13A1F-B30E-4A6B-AEFA-19CA3DFBD235}.Release|Any CPU.ActiveCfg = Release|Any CPU
		{0DD13A1F-B30E-4A6B-AEFA-19CA3DFBD235}.Release|Any CPU.Build.0 = Release|Any CPU
		{2125811F-B5CE-4626-BA8F-E99764B44903}.Debug|Any CPU.ActiveCfg = Debug|Any CPU
		{2125811F-B5CE-4626-BA8F-E99764B44903}.Debug|Any CPU.Build.0 = Debug|Any CPU
		{2125811F-B5CE-4626-BA8F-E99764B44903}.Release|Any CPU.ActiveCfg = Release|Any CPU
		{2125811F-B5CE-4626-BA8F-E99764B44903}.Release|Any CPU.Build.0 = Release|Any CPU
		{501875D2-AFE2-49AD-8B87-3B9C4FA83448}.Debug|Any CPU.ActiveCfg = Debug|Any CPU
		{501875D2-AFE2-49AD-8B87-3B9C4FA83448}.Debug|Any CPU.Build.0 = Debug|Any CPU
		{501875D2-AFE2-49AD-8B87-3B9C4FA83448}.Release|Any CPU.ActiveCfg = Release|Any CPU
		{501875D2-AFE2-49AD-8B87-3B9C4FA83448}.Release|Any CPU.Build.0 = Release|Any CPU
		{7A287386-4731-4D56-8A95-CA950E79350B}.Debug|Any CPU.ActiveCfg = Debug|Any CPU
		{7A287386-4731-4D56-8A95-CA950E79350B}.Debug|Any CPU.Build.0 = Debug|Any CPU
		{7A287386-4731-4D56-8A95-CA950E79350B}.Release|Any CPU.ActiveCfg = Release|Any CPU
		{7A287386-4731-4D56-8A95-CA950E79350B}.Release|Any CPU.Build.0 = Release|Any CPU
		{5D7AA3B1-7581-4E81-BD49-88C63899013F}.Debug|Any CPU.ActiveCfg = Debug|Any CPU
		{5D7AA3B1-7581-4E81-BD49-88C63899013F}.Debug|Any CPU.Build.0 = Debug|Any CPU
		{5D7AA3B1-7581-4E81-BD49-88C63899013F}.Release|Any CPU.ActiveCfg = Release|Any CPU
		{5D7AA3B1-7581-4E81-BD49-88C63899013F}.Release|Any CPU.Build.0 = Release|Any CPU
		{9E6B6D9A-FDDA-4749-904F-F779617619F5}.Debug|Any CPU.ActiveCfg = Debug|Any CPU
		{9E6B6D9A-FDDA-4749-904F-F779617619F5}.Debug|Any CPU.Build.0 = Debug|Any CPU
		{9E6B6D9A-FDDA-4749-904F-F779617619F5}.Release|Any CPU.ActiveCfg = Release|Any CPU
		{9E6B6D9A-FDDA-4749-904F-F779617619F5}.Release|Any CPU.Build.0 = Release|Any CPU
		{6EB3417F-3C60-494B-B2AE-619AC11951A2}.Debug|Any CPU.ActiveCfg = Debug|Any CPU
		{6EB3417F-3C60-494B-B2AE-619AC11951A2}.Debug|Any CPU.Build.0 = Debug|Any CPU
		{6EB3417F-3C60-494B-B2AE-619AC11951A2}.Release|Any CPU.ActiveCfg = Release|Any CPU
		{6EB3417F-3C60-494B-B2AE-619AC11951A2}.Release|Any CPU.Build.0 = Release|Any CPU
		{39FD5942-428D-4D1E-8894-692FDC66735C}.Debug|Any CPU.ActiveCfg = Debug|Any CPU
		{39FD5942-428D-4D1E-8894-692FDC66735C}.Debug|Any CPU.Build.0 = Debug|Any CPU
		{39FD5942-428D-4D1E-8894-692FDC66735C}.Release|Any CPU.ActiveCfg = Release|Any CPU
		{39FD5942-428D-4D1E-8894-692FDC66735C}.Release|Any CPU.Build.0 = Release|Any CPU
		{0ABB3B81-A27A-4729-9F3A-084DC8B73ABD}.Debug|Any CPU.ActiveCfg = Debug|Any CPU
		{0ABB3B81-A27A-4729-9F3A-084DC8B73ABD}.Debug|Any CPU.Build.0 = Debug|Any CPU
		{0ABB3B81-A27A-4729-9F3A-084DC8B73ABD}.Release|Any CPU.ActiveCfg = Release|Any CPU
		{0ABB3B81-A27A-4729-9F3A-084DC8B73ABD}.Release|Any CPU.Build.0 = Release|Any CPU
		{58BBC69B-AA75-4B41-807C-5A366A552E5B}.Debug|Any CPU.ActiveCfg = Debug|Any CPU
		{58BBC69B-AA75-4B41-807C-5A366A552E5B}.Debug|Any CPU.Build.0 = Debug|Any CPU
		{58BBC69B-AA75-4B41-807C-5A366A552E5B}.Release|Any CPU.ActiveCfg = Release|Any CPU
		{58BBC69B-AA75-4B41-807C-5A366A552E5B}.Release|Any CPU.Build.0 = Release|Any CPU
		{7DF00DAA-CB73-4FAE-AFD0-F676A33402CE}.Debug|Any CPU.ActiveCfg = Debug|Any CPU
		{7DF00DAA-CB73-4FAE-AFD0-F676A33402CE}.Debug|Any CPU.Build.0 = Debug|Any CPU
		{7DF00DAA-CB73-4FAE-AFD0-F676A33402CE}.Release|Any CPU.ActiveCfg = Release|Any CPU
		{7DF00DAA-CB73-4FAE-AFD0-F676A33402CE}.Release|Any CPU.Build.0 = Release|Any CPU
		{B098FE13-1728-40AF-92E8-152281CA99B4}.Debug|Any CPU.ActiveCfg = Debug|Any CPU
		{B098FE13-1728-40AF-92E8-152281CA99B4}.Debug|Any CPU.Build.0 = Debug|Any CPU
		{B098FE13-1728-40AF-92E8-152281CA99B4}.Release|Any CPU.ActiveCfg = Release|Any CPU
		{B098FE13-1728-40AF-92E8-152281CA99B4}.Release|Any CPU.Build.0 = Release|Any CPU
		{4507164D-6568-4487-8AF2-14287688D57E}.Debug|Any CPU.ActiveCfg = Debug|Any CPU
		{4507164D-6568-4487-8AF2-14287688D57E}.Debug|Any CPU.Build.0 = Debug|Any CPU
		{4507164D-6568-4487-8AF2-14287688D57E}.Release|Any CPU.ActiveCfg = Release|Any CPU
		{4507164D-6568-4487-8AF2-14287688D57E}.Release|Any CPU.Build.0 = Release|Any CPU
		{D4CEB35E-12E0-4611-923D-65422F344CFB}.Debug|Any CPU.ActiveCfg = Debug|Any CPU
		{D4CEB35E-12E0-4611-923D-65422F344CFB}.Debug|Any CPU.Build.0 = Debug|Any CPU
		{D4CEB35E-12E0-4611-923D-65422F344CFB}.Release|Any CPU.ActiveCfg = Release|Any CPU
		{D4CEB35E-12E0-4611-923D-65422F344CFB}.Release|Any CPU.Build.0 = Release|Any CPU
		{9AA209A6-C0E7-4913-8A87-62783590CAF9}.Debug|Any CPU.ActiveCfg = Debug|Any CPU
		{9AA209A6-C0E7-4913-8A87-62783590CAF9}.Debug|Any CPU.Build.0 = Debug|Any CPU
		{9AA209A6-C0E7-4913-8A87-62783590CAF9}.Release|Any CPU.ActiveCfg = Release|Any CPU
		{9AA209A6-C0E7-4913-8A87-62783590CAF9}.Release|Any CPU.Build.0 = Release|Any CPU
		{AEFF0602-764D-4F49-8C47-2D543BE10FE3}.Debug|Any CPU.ActiveCfg = Debug|Any CPU
		{AEFF0602-764D-4F49-8C47-2D543BE10FE3}.Debug|Any CPU.Build.0 = Debug|Any CPU
		{AEFF0602-764D-4F49-8C47-2D543BE10FE3}.Release|Any CPU.ActiveCfg = Release|Any CPU
		{AEFF0602-764D-4F49-8C47-2D543BE10FE3}.Release|Any CPU.Build.0 = Release|Any CPU
	EndGlobalSection
	GlobalSection(SolutionProperties) = preSolution
		HideSolutionNode = FALSE
	EndGlobalSection
	GlobalSection(ExtensibilityGlobals) = postSolution
		SolutionGuid = {D8108406-F1D7-418C-B12D-124A9A392541}
	EndGlobalSection
EndGlobal
