
Microsoft Visual Studio Solution File, Format Version 12.00
# Visual Studio Version 17
VisualStudioVersion = 17.5.002.0
MinimumVisualStudioVersion = 10.0.40219.1
Project("{9A19103F-16F7-4668-BE54-9A1E7A4F7556}") = "5100.3", "5100.3.csproj", "{6B26C7DB-187A-43C6-8370-13533BEB877C}"
EndProject
Global
	GlobalSection(SolutionConfigurationPlatforms) = preSolution
		Debug|Any CPU = Debug|Any CPU
		Release|Any CPU = Release|Any CPU
	EndGlobalSection
	GlobalSection(ProjectConfigurationPlatforms) = postSolution
		{6B26C7DB-187A-43C6-8370-13533BEB877C}.Debug|Any CPU.ActiveCfg = Debug|Any CPU
		{6B26C7DB-187A-43C6-8370-13533BEB877C}.Debug|Any CPU.Build.0 = Debug|Any CPU
		{6B26C7DB-187A-43C6-8370-13533BEB877C}.Release|Any CPU.ActiveCfg = Release|Any CPU
		{6B26C7DB-187A-43C6-8370-13533BEB877C}.Release|Any CPU.Build.0 = Release|Any CPU
	EndGlobalSection
	GlobalSection(SolutionProperties) = preSolution
		HideSolutionNode = FALSE
	EndGlobalSection
	GlobalSection(ExtensibilityGlobals) = postSolution
		SolutionGuid = {91F968E0-09E5-414C-A4F0-90397EE48C84}
	EndGlobalSection
EndGlobal
